
Microsoft Visual Studio Solution File, Format Version 12.00
# Visual Studio 2013
VisualStudioVersion = 12.0.40629.0
MinimumVisualStudioVersion = 10.0.40219.1
Project("{FAE04EC0-301F-11D3-BF4B-00C04F79EFBC}") = "while", "while\while.csproj", "{758E320E-5ECF-431A-B002-946854AC3C4B}"
EndProject
Project("{FAE04EC0-301F-11D3-BF4B-00C04F79EFBC}") = "KlassenMethoden", "..\..\..\..\..\Eigene Dateien\Documents\Visual Studio 2013\Projects\KlassenMethoden\KlassenMethoden\KlassenMethoden.csproj", "{0C44720F-0365-4842-88A6-AA6BAD88A815}"
EndProject
Global
	GlobalSection(SolutionConfigurationPlatforms) = preSolution
		Debug|Any CPU = Debug|Any CPU
		Release|Any CPU = Release|Any CPU
	EndGlobalSection
	GlobalSection(ProjectConfigurationPlatforms) = postSolution
		{758E320E-5ECF-431A-B002-946854AC3C4B}.Debug|Any CPU.ActiveCfg = Debug|Any CPU
		{758E320E-5ECF-431A-B002-946854AC3C4B}.Debug|Any CPU.Build.0 = Debug|Any CPU
		{758E320E-5ECF-431A-B002-946854AC3C4B}.Release|Any CPU.ActiveCfg = Release|Any CPU
		{758E320E-5ECF-431A-B002-946854AC3C4B}.Release|Any CPU.Build.0 = Release|Any CPU
		{0C44720F-0365-4842-88A6-AA6BAD88A815}.Debug|Any CPU.ActiveCfg = Debug|Any CPU
		{0C44720F-0365-4842-88A6-AA6BAD88A815}.Debug|Any CPU.Build.0 = Debug|Any CPU
		{0C44720F-0365-4842-88A6-AA6BAD88A815}.Release|Any CPU.ActiveCfg = Release|Any CPU
		{0C44720F-0365-4842-88A6-AA6BAD88A815}.Release|Any CPU.Build.0 = Release|Any CPU
	EndGlobalSection
	GlobalSection(SolutionProperties) = preSolution
		HideSolutionNode = FALSE
	EndGlobalSection
EndGlobal
